{
    "name": "astro-dependencies",
    "version": "1.0.0",
    "lockfileVersion": 3,
    "requires": true,
    "packages": {
        "": {
            "name": "astro-dependencies",
            "version": "1.0.0",
            "license": "ISC",
            "dependencies": {
                "@viz-js/viz": "^3.8.0",
                "graphviz": "^0.0.9",
                "minimist": "^1.2.8"
            }
        },
        "node_modules/@viz-js/viz": {
            "version": "3.8.0",
            "resolved": "https://registry.npmjs.org/@viz-js/viz/-/viz-3.8.0.tgz",
            "integrity": "sha512-xbqbRanQCG06yfpnv2hsgX43G26q0JCSjcYSpvmUlx1VRCzA0ngi7zsPn0jW9K2ITchpjQiC1tyO6+zFgS/IyA==",
            "license": "MIT"
        },
        "node_modules/graphviz": {
            "version": "0.0.9",
            "resolved": "https://registry.npmjs.org/graphviz/-/graphviz-0.0.9.tgz",
            "integrity": "sha512-SmoY2pOtcikmMCqCSy2NO1YsRfu9OO0wpTlOYW++giGjfX1a6gax/m1Fo8IdUd0/3H15cTOfR1SMKwohj4LKsg==",
            "license": "GPL-3.0",
            "dependencies": {
                "temp": "~0.4.0"
            },
            "engines": {
                "node": ">=0.6.8"
            }
        },
        "node_modules/minimist": {
            "version": "1.2.8",
            "resolved": "https://registry.npmjs.org/minimist/-/minimist-1.2.8.tgz",
            "integrity": "sha512-2yyAR8qBkN3YuheJanUpWC5U3bb5osDywNB8RzDVlDwDHbocAJveqqj1u8+SVD7jkWT4yvsHCpWqqWqAxb0zCA==",
            "license": "MIT",
            "funding": {
                "url": "https://github.com/sponsors/ljharb"
            }
        },
        "node_modules/temp": {
            "version": "0.4.0",
            "resolved": "https://registry.npmjs.org/temp/-/temp-0.4.0.tgz",
            "integrity": "sha512-IsFisGgDKk7qzK9erMIkQe/XwiSUdac7z3wYOsjcLkhPBy3k1SlvLoIh2dAHIlEpgA971CgguMrx9z8fFg7tSA==",
            "engines": [
                "node >=0.4.0"
            ]
        }
    }
}
